
Microsoft Visual Studio Solution File, Format Version 12.00
# Visual Studio Version 17
VisualStudioVersion = 17.14.36811.4
MinimumVisualStudioVersion = 10.0.40219.1
Project("{FAE04EC0-301F-11D3-BF4B-00C04F79EFBC}") = "Core", "Core\Core.csproj", "{157DB6E2-6339-4293-A513-3DF75470525E}"
EndProject
Project("{FAE04EC0-301F-11D3-BF4B-00C04F79EFBC}") = "Tests", "Tests\Tests.csproj", "{3003E3F3-A873-4F9D-88E3-5740B09B3BE9}"
EndProject
Project("{FAE04EC0-301F-11D3-BF4B-00C04F79EFBC}") = "Unsafe", "Unsafe\Unsafe.csproj", "{3FA2E8D9-5CB0-4DC4-A94B-11AF8AAE28FA}"
EndProject
Project("{FAE04EC0-301F-11D3-BF4B-00C04F79EFBC}") = "Baking", "Baking\Baking.csproj", "{BCFA95BB-868C-4807-A29C-F316EB04B4A4}"
EndProject
Project("{FAE04EC0-301F-11D3-BF4B-00C04F79EFBC}") = "Common", "Common\Common.csproj", "{7D262935-83C6-4BC2-B7F0-BD45C06AF3B4}"
EndProject
Global
	GlobalSection(SolutionConfigurationPlatforms) = preSolution
		Debug|Any CPU = Debug|Any CPU
		Release|Any CPU = Release|Any CPU
	EndGlobalSection
	GlobalSection(ProjectConfigurationPlatforms) = postSolution
		{157DB6E2-6339-4293-A513-3DF75470525E}.Debug|Any CPU.ActiveCfg = Debug|Any CPU
		{157DB6E2-6339-4293-A513-3DF75470525E}.Debug|Any CPU.Build.0 = Debug|Any CPU
		{157DB6E2-6339-4293-A513-3DF75470525E}.Release|Any CPU.ActiveCfg = Release|Any CPU
		{157DB6E2-6339-4293-A513-3DF75470525E}.Release|Any CPU.Build.0 = Release|Any CPU
		{3003E3F3-A873-4F9D-88E3-5740B09B3BE9}.Debug|Any CPU.ActiveCfg = Debug|Any CPU
		{3003E3F3-A873-4F9D-88E3-5740B09B3BE9}.Debug|Any CPU.Build.0 = Debug|Any CPU
		{3003E3F3-A873-4F9D-88E3-5740B09B3BE9}.Release|Any CPU.ActiveCfg = Release|Any CPU
		{3003E3F3-A873-4F9D-88E3-5740B09B3BE9}.Release|Any CPU.Build.0 = Release|Any CPU
		{3FA2E8D9-5CB0-4DC4-A94B-11AF8AAE28FA}.Debug|Any CPU.ActiveCfg = Debug|Any CPU
		{3FA2E8D9-5CB0-4DC4-A94B-11AF8AAE28FA}.Debug|Any CPU.Build.0 = Debug|Any CPU
		{3FA2E8D9-5CB0-4DC4-A94B-11AF8AAE28FA}.Release|Any CPU.ActiveCfg = Release|Any CPU
		{3FA2E8D9-5CB0-4DC4-A94B-11AF8AAE28FA}.Release|Any CPU.Build.0 = Release|Any CPU
		{BCFA95BB-868C-4807-A29C-F316EB04B4A4}.Debug|Any CPU.ActiveCfg = Debug|Any CPU
		{BCFA95BB-868C-4807-A29C-F316EB04B4A4}.Debug|Any CPU.Build.0 = Debug|Any CPU
		{BCFA95BB-868C-4807-A29C-F316EB04B4A4}.Release|Any CPU.ActiveCfg = Release|Any CPU
		{BCFA95BB-868C-4807-A29C-F316EB04B4A4}.Release|Any CPU.Build.0 = Release|Any CPU
		{7D262935-83C6-4BC2-B7F0-BD45C06AF3B4}.Debug|Any CPU.ActiveCfg = Debug|Any CPU
		{7D262935-83C6-4BC2-B7F0-BD45C06AF3B4}.Debug|Any CPU.Build.0 = Debug|Any CPU
		{7D262935-83C6-4BC2-B7F0-BD45C06AF3B4}.Release|Any CPU.ActiveCfg = Release|Any CPU
		{7D262935-83C6-4BC2-B7F0-BD45C06AF3B4}.Release|Any CPU.Build.0 = Release|Any CPU
	EndGlobalSection
	GlobalSection(SolutionProperties) = preSolution
		HideSolutionNode = FALSE
	EndGlobalSection
	GlobalSection(ExtensibilityGlobals) = postSolution
		SolutionGuid = {9970DE7F-A5E4-47C0-8DBF-6DE7341F966F}
	EndGlobalSection
EndGlobal
