
Microsoft Visual Studio Solution File, Format Version 12.00
# Visual Studio Version 17
VisualStudioVersion = 17.14.36811.4 d17.14
MinimumVisualStudioVersion = 10.0.40219.1
Project("{FAE04EC0-301F-11D3-BF4B-00C04F79EFBC}") = "Core", "Core\Core.csproj", "{157DB6E2-6339-4293-A513-3DF75470525E}"
EndProject
Project("{FAE04EC0-301F-11D3-BF4B-00C04F79EFBC}") = "Tests", "Tests\Tests.csproj", "{3003E3F3-A873-4F9D-88E3-5740B09B3BE9}"
EndProject
Global
	GlobalSection(SolutionConfigurationPlatforms) = preSolution
		Debug|Any CPU = Debug|Any CPU
		Release|Any CPU = Release|Any CPU
	EndGlobalSection
	GlobalSection(ProjectConfigurationPlatforms) = postSolution
		{157DB6E2-6339-4293-A513-3DF75470525E}.Debug|Any CPU.ActiveCfg = Debug|Any CPU
		{157DB6E2-6339-4293-A513-3DF75470525E}.Debug|Any CPU.Build.0 = Debug|Any CPU
		{157DB6E2-6339-4293-A513-3DF75470525E}.Release|Any CPU.ActiveCfg = Release|Any CPU
		{157DB6E2-6339-4293-A513-3DF75470525E}.Release|Any CPU.Build.0 = Release|Any CPU
		{3003E3F3-A873-4F9D-88E3-5740B09B3BE9}.Debug|Any CPU.ActiveCfg = Debug|Any CPU
		{3003E3F3-A873-4F9D-88E3-5740B09B3BE9}.Debug|Any CPU.Build.0 = Debug|Any CPU
		{3003E3F3-A873-4F9D-88E3-5740B09B3BE9}.Release|Any CPU.ActiveCfg = Release|Any CPU
		{3003E3F3-A873-4F9D-88E3-5740B09B3BE9}.Release|Any CPU.Build.0 = Release|Any CPU
	EndGlobalSection
	GlobalSection(SolutionProperties) = preSolution
		HideSolutionNode = FALSE
	EndGlobalSection
	GlobalSection(ExtensibilityGlobals) = postSolution
		SolutionGuid = {9970DE7F-A5E4-47C0-8DBF-6DE7341F966F}
	EndGlobalSection
EndGlobal
